lockfileVersion: '9.0'

settings:
  autoInstallPeers: true
  excludeLinksFromLockfile: false

importers:

  .:
    devDependencies:
      '@types/node':
        specifier: ^20.0.0
        version: 20.19.43
      turbo:
        specifier: latest
        version: 2.9.18
      typescript:
        specifier: ^5.0.0
        version: 5.9.3

  apps/playground:
    dependencies:
      '@datedreamer/core':
        specifier: workspace:*
        version: link:../../packages/core
      '@datedreamer/theme':
        specifier: workspace:*
        version: link:../../packages/theme
      '@datedreamer/web-components':
        specifier: workspace:*
        version: link:../../packages/web-components
    devDependencies:
      typescript:
        specifier: ^5.0.0
        version: 5.9.3
      vite:
        specifier: ^5.0.0
        version: 5.4.21(@types/node@20.19.43)

  packages/angular:
    dependencies:
      '@angular/core':
        specifier: ^16.0.0 || ^17.0.0 || ^18.0.0
        version: 18.2.14(rxjs@7.8.2)(zone.js@0.14.10)
      '@datedreamer/core':
        specifier: workspace:*
        version: link:../core

  packages/core:
    dependencies:
      dayjs:
        specifier: ^1.11.10
        version: 1.11.21

  packages/react:
    dependencies:
      '@datedreamer/core':
        specifier: workspace:*
        version: link:../core
      react:
        specifier: ^18.0.0 || ^19.0.0
        version: 19.2.7
      react-dom:
        specifier: ^18.0.0 || ^19.0.0
        version: 19.2.7(react@19.2.7)

  packages/theme: {}

  packages/vue:
    dependencies:
      '@datedreamer/core':
        specifier: workspace:*
        version: link:../core
      vue:
        specifier: ^3.0.0
        version: 3.5.38(typescript@5.9.3)

  packages/web-components:
    dependencies:
      '@datedreamer/core':
        specifier: workspace:*
        version: link:../core
      dayjs:
        specifier: ^1.11.10
        version: 1.11.21

packages:

  '@angular/core@18.2.14':
    resolution: {integrity: sha512-BIPrCs93ZZTY9ym7yfoTgAQ5rs706yoYeAdrgc8kh/bDbM9DawxKlgeKBx2FLt09Y0YQ1bFhKVp0cV4gDEaMxQ==}
    engines: {node: ^18.19.1 || ^20.11.1 || >=22.0.0}
    peerDependencies:
      rxjs: ^6.5.3 || ^7.4.0
      zone.js: ~0.14.10

  '@babel/helper-string-parser@7.29.7':
    resolution: {integrity: sha512-Pb5ijPrZ89GDH8223L4UP8i6QApWxs04RbPQJTeWDV0/keR2E36MeKnyr6LYmUUvqRRI+Iv87SuF1W6ErINzYw==}
    engines: {node: '>=6.9.0'}

  '@babel/helper-validator-identifier@7.29.7':
    resolution: {integrity: sha512-qehxGkRj55h/ff8EMaJ+cYhyaKlHIxqYDn682wQD7RNp9UujOQsHog2uS0r2vzr4pW+sXf90NeeayjcNaX3fFg==}
    engines: {node: '>=6.9.0'}

  '@babel/parser@7.29.7':
    resolution: {integrity: sha512-hnORnjP/1P/zFEndoeX+n+t1RwWRJiJpM/jO7FW32Kn9r5+sJB2JWOdYo4L6k78j15eCwY3Gm/7364B1EMwtNg==}
    engines: {node: '>=6.0.0'}
    hasBin: true

  '@babel/types@7.29.7':
    resolution: {integrity: sha512-4zBIxpPzowiZpusoFkyGVwakdRJUyuH5PxQ/PrqghfdFWWasvnCdPfQXHrenDai+gyLARulZjZowCOj6fjT4pA==}
    engines: {node: '>=6.9.0'}

  '@esbuild/aix-ppc64@0.21.5':
    resolution: {integrity: sha512-1SDgH6ZSPTlggy1yI6+Dbkiz8xzpHJEVAlF/AM1tHPLsf5STom9rwtjE4hKAF20FfXXNTFqEYXyJNWh1GiZedQ==}
    engines: {node: '>=12'}
    cpu: [ppc64]
    os: [aix]

  '@esbuild/android-arm64@0.21.5':
    resolution: {integrity: sha512-c0uX9VAUBQ7dTDCjq+wdyGLowMdtR/GoC2U5IYk/7D1H1JYC0qseD7+11iMP2mRLN9RcCMRcjC4YMclCzGwS/A==}
    engines: {node: '>=12'}
    cpu: [arm64]
    os: [android]

  '@esbuild/android-arm@0.21.5':
    resolution: {integrity: sha512-vCPvzSjpPHEi1siZdlvAlsPxXl7WbOVUBBAowWug4rJHb68Ox8KualB+1ocNvT5fjv6wpkX6o/iEpbDrf68zcg==}
    engines: {node: '>=12'}
    cpu: [arm]
    os: [android]

  '@esbuild/android-x64@0.21.5':
    resolution: {integrity: sha512-D7aPRUUNHRBwHxzxRvp856rjUHRFW1SdQATKXH2hqA0kAZb1hKmi02OpYRacl0TxIGz/ZmXWlbZgjwWYaCakTA==}
    engines: {node: '>=12'}
    cpu: [x64]
    os: [android]

  '@esbuild/darwin-arm64@0.21.5':
    resolution: {integrity: sha512-DwqXqZyuk5AiWWf3UfLiRDJ5EDd49zg6O9wclZ7kUMv2WRFr4HKjXp/5t8JZ11QbQfUS6/cRCKGwYhtNAY88kQ==}
    engines: {node: '>=12'}
    cpu: [arm64]
    os: [darwin]

  '@esbuild/darwin-x64@0.21.5':
    resolution: {integrity: sha512-se/JjF8NlmKVG4kNIuyWMV/22ZaerB+qaSi5MdrXtd6R08kvs2qCN4C09miupktDitvh8jRFflwGFBQcxZRjbw==}
    engines: {node: '>=12'}
    cpu: [x64]
    os: [darwin]

  '@esbuild/freebsd-arm64@0.21.5':
    resolution: {integrity: sha512-5JcRxxRDUJLX8JXp/wcBCy3pENnCgBR9bN6JsY4OmhfUtIHe3ZW0mawA7+RDAcMLrMIZaf03NlQiX9DGyB8h4g==}
    engines: {node: '>=12'}
    cpu: [arm64]
    os: [freebsd]

  '@esbuild/freebsd-x64@0.21.5':
    resolution: {integrity: sha512-J95kNBj1zkbMXtHVH29bBriQygMXqoVQOQYA+ISs0/2l3T9/kj42ow2mpqerRBxDJnmkUDCaQT/dfNXWX/ZZCQ==}
    engines: {node: '>=12'}
    cpu: [x64]
    os: [freebsd]

  '@esbuild/linux-arm64@0.21.5':
    resolution: {integrity: sha512-ibKvmyYzKsBeX8d8I7MH/TMfWDXBF3db4qM6sy+7re0YXya+K1cem3on9XgdT2EQGMu4hQyZhan7TeQ8XkGp4Q==}
    engines: {node: '>=12'}
    cpu: [arm64]
    os: [linux]

  '@esbuild/linux-arm@0.21.5':
    resolution: {integrity: sha512-bPb5AHZtbeNGjCKVZ9UGqGwo8EUu4cLq68E95A53KlxAPRmUyYv2D6F0uUI65XisGOL1hBP5mTronbgo+0bFcA==}
    engines: {node: '>=12'}
    cpu: [arm]
    os: [linux]

  '@esbuild/linux-ia32@0.21.5':
    resolution: {integrity: sha512-YvjXDqLRqPDl2dvRODYmmhz4rPeVKYvppfGYKSNGdyZkA01046pLWyRKKI3ax8fbJoK5QbxblURkwK/MWY18Tg==}
    engines: {node: '>=12'}
    cpu: [ia32]
    os: [linux]

  '@esbuild/linux-loong64@0.21.5':
    resolution: {integrity: sha512-uHf1BmMG8qEvzdrzAqg2SIG/02+4/DHB6a9Kbya0XDvwDEKCoC8ZRWI5JJvNdUjtciBGFQ5PuBlpEOXQj+JQSg==}
    engines: {node: '>=12'}
    cpu: [loong64]
    os: [linux]

  '@esbuild/linux-mips64el@0.21.5':
    resolution: {integrity: sha512-IajOmO+KJK23bj52dFSNCMsz1QP1DqM6cwLUv3W1QwyxkyIWecfafnI555fvSGqEKwjMXVLokcV5ygHW5b3Jbg==}
    engines: {node: '>=12'}
    cpu: [mips64el]
    os: [linux]

  '@esbuild/linux-ppc64@0.21.5':
    resolution: {integrity: sha512-1hHV/Z4OEfMwpLO8rp7CvlhBDnjsC3CttJXIhBi+5Aj5r+MBvy4egg7wCbe//hSsT+RvDAG7s81tAvpL2XAE4w==}
    engines: {node: '>=12'}
    cpu: [ppc64]
    os: [linux]

  '@esbuild/linux-riscv64@0.21.5':
    resolution: {integrity: sha512-2HdXDMd9GMgTGrPWnJzP2ALSokE/0O5HhTUvWIbD3YdjME8JwvSCnNGBnTThKGEB91OZhzrJ4qIIxk/SBmyDDA==}
    engines: {node: '>=12'}
    cpu: [riscv64]
    os: [linux]

  '@esbuild/linux-s390x@0.21.5':
    resolution: {integrity: sha512-zus5sxzqBJD3eXxwvjN1yQkRepANgxE9lgOW2qLnmr8ikMTphkjgXu1HR01K4FJg8h1kEEDAqDcZQtbrRnB41A==}
    engines: {node: '>=12'}
    cpu: [s390x]
    os: [linux]

  '@esbuild/linux-x64@0.21.5':
    resolution: {integrity: sha512-1rYdTpyv03iycF1+BhzrzQJCdOuAOtaqHTWJZCWvijKD2N5Xu0TtVC8/+1faWqcP9iBCWOmjmhoH94dH82BxPQ==}
    engines: {node: '>=12'}
    cpu: [x64]
    os: [linux]

  '@esbuild/netbsd-x64@0.21.5':
    resolution: {integrity: sha512-Woi2MXzXjMULccIwMnLciyZH4nCIMpWQAs049KEeMvOcNADVxo0UBIQPfSmxB3CWKedngg7sWZdLvLczpe0tLg==}
    engines: {node: '>=12'}
    cpu: [x64]
    os: [netbsd]

  '@esbuild/openbsd-x64@0.21.5':
    resolution: {integrity: sha512-HLNNw99xsvx12lFBUwoT8EVCsSvRNDVxNpjZ7bPn947b8gJPzeHWyNVhFsaerc0n3TsbOINvRP2byTZ5LKezow==}
    engines: {node: '>=12'}
    cpu: [x64]
    os: [openbsd]

  '@esbuild/sunos-x64@0.21.5':
    resolution: {integrity: sha512-6+gjmFpfy0BHU5Tpptkuh8+uw3mnrvgs+dSPQXQOv3ekbordwnzTVEb4qnIvQcYXq6gzkyTnoZ9dZG+D4garKg==}
    engines: {node: '>=12'}
    cpu: [x64]
    os: [sunos]

  '@esbuild/win32-arm64@0.21.5':
    resolution: {integrity: sha512-Z0gOTd75VvXqyq7nsl93zwahcTROgqvuAcYDUr+vOv8uHhNSKROyU961kgtCD1e95IqPKSQKH7tBTslnS3tA8A==}
    engines: {node: '>=12'}
    cpu: [arm64]
    os: [win32]

  '@esbuild/win32-ia32@0.21.5':
    resolution: {integrity: sha512-SWXFF1CL2RVNMaVs+BBClwtfZSvDgtL//G/smwAc5oVK/UPu2Gu9tIaRgFmYFFKrmg3SyAjSrElf0TiJ1v8fYA==}
    engines: {node: '>=12'}
    cpu: [ia32]
    os: [win32]

  '@esbuild/win32-x64@0.21.5':
    resolution: {integrity: sha512-tQd/1efJuzPC6rCFwEvLtci/xNFcTZknmXs98FYDfGE4wP9ClFV98nyKrzJKVPMhdDnjzLhdUyMX4PsQAPjwIw==}
    engines: {node: '>=12'}
    cpu: [x64]
    os: [win32]

  '@jridgewell/sourcemap-codec@1.5.5':
    resolution: {integrity: sha512-cYQ9310grqxueWbl+WuIUIaiUaDcj7WOq5fVhEljNVgRfOUhY9fy2zTvfoqWsnebh8Sl70VScFbICvJnLKB0Og==}

  '@rollup/rollup-android-arm-eabi@4.62.0':
    resolution: {integrity: sha512-IPIQ55ythEHkfEd9jMEi32OQ7SxURsGA43JI22lj01OLZNt2NUbJX8YUHxkVWyQ6daHPNn0truF5nSj3DQp6YQ==}
    cpu: [arm]
    os: [android]

  '@rollup/rollup-android-arm64@4.62.0':
    resolution: {integrity: sha512-M6s9cr10MibETyo8JsOkq+Lo1+lU6hcvb1MApnUql5qte/5hMEgzlN8/ReIKNfRV8rrqX50W1BX9zoUhC192RA==}
    cpu: [arm64]
    os: [android]

  '@rollup/rollup-darwin-arm64@4.62.0':
    resolution: {integrity: sha512-BqCoMoIbn0keKys+dEAdBa70EtOwV1bEsQCUgU9FdiZmmMge/Zk7LlkYGqbrdHR+Frnt0E1FOanly+rlwvvQzw==}
    cpu: [arm64]
    os: [darwin]

  '@rollup/rollup-darwin-x64@4.62.0':
    resolution: {integrity: sha512-SIMzST3VFNXDAbeIWDWiFCNM5qncUBDWaEV7NfE7oZbDt2mgfW4MvbKdbYiGOLoM32gbTv608UMd0XktEYSD7w==}
    cpu: [x64]
    os: [darwin]

  '@rollup/rollup-freebsd-arm64@4.62.0':
    resolution: {integrity: sha512-ezjfSQMP7ArdUsbBwbQIfwAlhE84I2iVnzQNCFSveqV42q+BmKlzVpf7mxv5EchLcoWU4y6/heFzVg1F+hodUQ==}
    cpu: [arm64]
    os: [freebsd]

  '@rollup/rollup-freebsd-x64@4.62.0':
    resolution: {integrity: sha512-9+qTWGW9AZRhnUgwtTwzNwcPlL87ngkeN0LA+q1bADvmY9aNvWaF2TFW8BZgnQPYxpDI7+rMVLivcd4V737TAQ==}
    cpu: [x64]
    os: [freebsd]

  '@rollup/rollup-linux-arm-gnueabihf@4.62.0':
    resolution: {integrity: sha512-T1dMEQhXA/jkJ/jyMIw9IovK8bSUq7A8kLIlvZTb/6YIVsp2zLavr4F3oyllHWo7eIVJRyE5n3tUjQJEbE1IuQ==}
    cpu: [arm]
    os: [linux]
    libc: [glibc]

  '@rollup/rollup-linux-arm-musleabihf@4.62.0':
    resolution: {integrity: sha512-2as0LgT7qQpyceQq6VUJYnumUMUrgGQCWIiDIN9DE0/tglsk6o66uCB4f3djRawAltvfCNLyZZrsqbPA6inCsA==}
    cpu: [arm]
    os: [linux]
    libc: [musl]

  '@rollup/rollup-linux-arm64-gnu@4.62.0':
    resolution: {integrity: sha512-bVURMg+6eNN9C/yc0aVjooZcwTTtYF4YW3xta5pP0//r3o1V8gXEHXWCndj47w/HhwsFroZrFhR+6uQP5T0n0g==}
    cpu: [arm64]
    os: [linux]
    libc: [glibc]

  '@rollup/rollup-linux-arm64-musl@4.62.0':
    resolution: {integrity: sha512-Ful8pM/2yYI83PViWdFdpZhdI8HJ5qsXANe5atypbHDf+KIBBDsZsbyy8hbXnULVvW9NsTh5DHwbcBftyLTfiw==}
    cpu: [arm64]
    os: [linux]
    libc: [musl]

  '@rollup/rollup-linux-loong64-gnu@4.62.0':
    resolution: {integrity: sha512-9Gp/DgrkzfUBmNPVTyPTvay+4xEP7M/clXpj3efXBcm6uTIVIgDg4rqUpqKXvLEuFRVuEpSAOkhgNeecvaZ4Cg==}
    cpu: [loong64]
    os: [linux]
    libc: [glibc]

  '@rollup/rollup-linux-loong64-musl@4.62.0':
    resolution: {integrity: sha512-m9tsJz54LUXkSYM8+8PG81B9IKK5r+2T0clMq4QrS16xFosufU7firBDAZEsDheDs7wTlP7h3++S7lMsU955HA==}
    cpu: [loong64]
    os: [linux]
    libc: [musl]

  '@rollup/rollup-linux-ppc64-gnu@4.62.0':
    resolution: {integrity: sha512-3UvJ5PNVU16aJf6M3tFI24pWzAl2/ynfbyRN3ICyQajK1lSkrnVYNnLz3v04J32qKa0FczJc22zeToc0lr2A3w==}
    cpu: [ppc64]
    os: [linux]
    libc: [glibc]

  '@rollup/rollup-linux-ppc64-musl@4.62.0':
    resolution: {integrity: sha512-vRWUAbYLGHBZS6Q8Msb2sfnf1fvJf+47t8l/TwOerM2qArzy+IeNMTHrYLHXh95h8MoatPHI5hhSZNs+mGXKPg==}
    cpu: [ppc64]
    os: [linux]
    libc: [musl]

  '@rollup/rollup-linux-riscv64-gnu@4.62.0':
    resolution: {integrity: sha512-c00T5SYENHAt86cfW47URaP3Us5vLC/4QO7GYud1G5VNRffCwwCuBspwqYrriuJB+5m0WFzClCn9wed0FBjKvg==}
    cpu: [riscv64]
    os: [linux]
    libc: [glibc]

  '@rollup/rollup-linux-riscv64-musl@4.62.0':
    resolution: {integrity: sha512-krrCDilhXOwFkSkO3Wm9I/f9H0L92XHHwy2fwxjukxIbh0dem8gZqOW5Y8BsHrpJv5qwlRBV+Wl4ZFyRWhUpwg==}
    cpu: [riscv64]
    os: [linux]
    libc: [musl]

  '@rollup/rollup-linux-s390x-gnu@4.62.0':
    resolution: {integrity: sha512-7pfYFSTc4/rUC/FtAI0Qp6QthDBCIi6/AuP1xYqFk5vanI6KnL5dWKP60OM/05LOsbwTmIcvr6eXC4CJuJ75IA==}
    cpu: [s390x]
    os: [linux]
    libc: [glibc]

  '@rollup/rollup-linux-x64-gnu@4.62.0':
    resolution: {integrity: sha512-7SDIalKeIpG0Ifogbbdn58HmSotYMlf23K3dCJEmiVd9Fg36Vmni82iPQec27N3wY4Bvbxftkxz6vSx9OcouTg==}
    cpu: [x64]
    os: [linux]
    libc: [glibc]

  '@rollup/rollup-linux-x64-musl@4.62.0':
    resolution: {integrity: sha512-eRZevouTH2i1HeAVLqJuLnt256krQkGY0TN6WsTmsIhuzbh457HuWDMakKwmi0Cjadux983CoSr8Lim2QhUIFw==}
    cpu: [x64]
    os: [linux]
    libc: [musl]

  '@rollup/rollup-openbsd-x64@4.62.0':
    resolution: {integrity: sha512-3oVS7FLGa4U1qcvao9ylGxrjXZyUQqR8UwxEcnUEyPX53O/C/mKDZegNXTdHCP+h3e6ta/f1EN38Yif1mmZHYg==}
    cpu: [x64]
    os: [openbsd]

  '@rollup/rollup-openharmony-arm64@4.62.0':
    resolution: {integrity: sha512-yTB9TgfWj5wHe5QgktAgXTLLot1gvEjl1NiPPAUiCs4oPrIWFl5V4nC3GrkNdj9LaAU4s94nVrGbGOCqUpyWsg==}
    cpu: [arm64]
    os: [openharmony]

  '@rollup/rollup-win32-arm64-msvc@4.62.0':
    resolution: {integrity: sha512-5LOhoaesY3doG1c+ac/2JtgREpKoJr5bUHH8tKY0V8di7+uSV6BwLs2PlR0/yzefGOkR+wE7ZolZphHCsyG5Rw==}
    cpu: [arm64]
    os: [win32]

  '@rollup/rollup-win32-ia32-msvc@4.62.0':
    resolution: {integrity: sha512-yYkWHhmbhRTWTnWos5HC4GcPQfjlzzCNbM9e/+GXrLuaBXYA3qSDR9f0Vgufd5S8yX81U8jPKp7ZnAjZFMtRnw==}
    cpu: [ia32]
    os: [win32]

  '@rollup/rollup-win32-x64-gnu@4.62.0':
    resolution: {integrity: sha512-SoTb6lPg25xZlA2ibwQ++ahCCnH+FP0qmEuafMJ4gznZKOlXioKEAeJLgCrqjM98ACziXM9V1amFjICVL4IFoA==}
    cpu: [x64]
    os: [win32]

  '@rollup/rollup-win32-x64-msvc@4.62.0':
    resolution: {integrity: sha512-5L+T1fMX4RIEBoZzT0+sQ0PhTS36NULFmMXtl1TZo44TMAROIMHbZufSOjVWt/Y622BtxgxtaNOokbTDvfsrZA==}
    cpu: [x64]
    os: [win32]

  '@turbo/darwin-64@2.9.18':
    resolution: {integrity: sha512-9f27peFu16ur8c0v9nUFUEyBnbKuuFsUTjHFWfmwGfzySBXbHwzU44QhZon6Mznz0cHsIr3984NQj/bVrnGSRw==}
    cpu: [x64]
    os: [darwin]

  '@turbo/darwin-arm64@2.9.18':
    resolution: {integrity: sha512-9A6TMRq/Ib+QnbhLlgkhOm+624wO4pzSQ/yQviQfWHOlFvaYxdnIAYmu2H6TS6y7kSVL0DvzNe04NbESTOzFVQ==}
    cpu: [arm64]
    os: [darwin]

  '@turbo/linux-64@2.9.18':
    resolution: {integrity: sha512-zCdIDtz69AnbYh913elJRRoF3QY5aa2HNnf+4rAkc7bQ+tWujiDkCNV7stazOUPggaDvhKIf2Z87qHftTeXSkw==}
    cpu: [x64]
    os: [linux]

  '@turbo/linux-arm64@2.9.18':
    resolution: {integrity: sha512-Va1kXI04naMgYwqv/5Dfa36dTDx8015U7oaQAjrXa45ua9OoFjSV4OmvkML4EmXvUclQHCiBRbY8bvd0jV7eAg==}
    cpu: [arm64]
    os: [linux]

  '@turbo/windows-64@2.9.18':
    resolution: {integrity: sha512-m0kDhZANxSNz9ck1ybogFscHabriAsp4eDFNrN/1H5WrgTF7b3VlcPZnhuO3v2+E2KnCbeAc+UUT10BZZHdDKw==}
    cpu: [x64]
    os: [win32]

  '@turbo/windows-arm64@2.9.18':
    resolution: {integrity: sha512-nUdR8WqoomUys9iIQmG45TMiizJ+5BV8egSeLLZba/AWblyp3fVBcIH1kSE58OtK4g2YzbMJEth6Ttv9w5rqMA==}
    cpu: [arm64]
    os: [win32]

  '@types/estree@1.0.9':
    resolution: {integrity: sha512-GhdPgy1el4/ImP05X05Uw4cw2/M93BCUmnEvWZNStlCzEKME4Fkk+YpoA5OiHNQmoS7Cafb8Xa3Pya8m1Qrzeg==}

  '@types/node@20.19.43':
    resolution: {integrity: sha512-6oYBAi5ikg4Pl+kGsoYtawUMBT2zZMCvPNF7pVLnHZfd1zf38DRiWn/gT01RYCdUqkv7Fhr+C9ot4/tb+2sVvA==}

  '@vue/compiler-core@3.5.38':
    resolution: {integrity: sha512-s99aGxWYig9ErHbct27KXEGhrBYlRI6c4MwAgXErOAbX9xiW37/uMa+XUDO69zLz83dng8UUZ70CTOJrLrYrEQ==}

  '@vue/compiler-dom@3.5.38':
    resolution: {integrity: sha512-JTqp25l8aFfJYF7/KmsXZjAxJz7T+SjmTJLoXVjHtc2BrSgSiW2n9Aem/cWq1OPe68A8JL06B3eVdhlP0H4TVw==}

  '@vue/compiler-sfc@3.5.38':
    resolution: {integrity: sha512-DuA2GiZawSEW442iw/9+Fkol8hTgb4Ke5KkhmSry65QA7YuyMbIdy8p0XZRMvNwJdgRz307W8g1CSzdvS4nuNg==}

  '@vue/compiler-ssr@3.5.38':
    resolution: {integrity: sha512-7s+W5Gc42FGxZMcuwl8H5B29T8BJPMdBT7KHFE+BbAuZ/iTEdTtv7z2XiMjiaUUw4w3ZcCEdHs36RuYJ2VA7bA==}

  '@vue/reactivity@3.5.38':
    resolution: {integrity: sha512-pG6LV/NDNRbKizcUjFFLAfjaL8mcv4DmR9avNcUw2gDHBzZneuS2TWCmp633ynzxz9YYKNeEPK2I8Wraqy2HUQ==}

  '@vue/runtime-core@3.5.38':
    resolution: {integrity: sha512-iyW8WVfF1CpCXxncZY5Ei6rSd6oZr5DgEom//fUjRBRl56AXPD+s9ATvukRt77ZFTuYlnVA1bxY+dJB94tWVYw==}

  '@vue/runtime-dom@3.5.38':
    resolution: {integrity: sha512-apX2wt9sdfDshS+a2xueFZLVpt0GkRJZSoPmrW/SA4yzXTznhfcMVW59gr7h4YQeY0vJhdJkk2rsIDwgfFgC5A==}

  '@vue/server-renderer@3.5.38':
    resolution: {integrity: sha512-vue8vbf2QlV4quHqzwmJy6dWfmRhP1J8l4wtZg60CL6VoKqcPY2oe7may3+1d9qfpedjK5PRLFqd5k3Isj9mUw==}
    peerDependencies:
      vue: 3.5.38

  '@vue/shared@3.5.38':
    resolution: {integrity: sha512-FTW0AFZNaK5/mOqvGBwVfUlNLU38TiQn4+DQgIFUnrBBJQ1crMJ82yeGQLV5jyKFsO8yRukpbuP7x+nRbH6aug==}

  csstype@3.2.3:
    resolution: {integrity: sha512-z1HGKcYy2xA8AGQfwrn0PAy+PB7X/GSj3UVJW9qKyn43xWa+gl5nXmU4qqLMRzWVLFC8KusUX8T/0kCiOYpAIQ==}

  dayjs@1.11.21:
    resolution: {integrity: sha512-98IT+HOahAisibz/yjKbzuOBwYcjJ7BCLPzARyHiyEBmRz4fatF+KPJszEHXsGYjUG234aH/cOjW1wwTbKUZlA==}

  entities@7.0.1:
    resolution: {integrity: sha512-TWrgLOFUQTH994YUyl1yT4uyavY5nNB5muff+RtWaqNVCAK408b5ZnnbNAUEWLTCpum9w6arT70i1XdQ4UeOPA==}
    engines: {node: '>=0.12'}

  esbuild@0.21.5:
    resolution: {integrity: sha512-mg3OPMV4hXywwpoDxu3Qda5xCKQi+vCTZq8S9J/EpkhB2HzKXq4SNFZE3+NK93JYxc8VMSep+lOUSC/RVKaBqw==}
    engines: {node: '>=12'}
    hasBin: true

  estree-walker@2.0.2:
    resolution: {integrity: sha512-Rfkk/Mp/DL7JVje3u18FxFujQlTNR2q6QfMSMB7AvCBx91NGj/ba3kCfza0f6dVDbw7YlRf/nDrn7pQrCCyQ/w==}

  fsevents@2.3.3:
    resolution: {integrity: sha512-5xoDfX+fL7faATnagmWPpbFtwh/R77WmMMqqHGS65C3vvB0YHrgF+B1YmZ3441tMj5n63k0212XNoJwzlhffQw==}
    engines: {node: ^8.16.0 || ^10.6.0 || >=11.0.0}
    os: [darwin]

  magic-string@0.30.21:
    resolution: {integrity: sha512-vd2F4YUyEXKGcLHoq+TEyCjxueSeHnFxyyjNp80yg0XV4vUhnDer/lvvlqM/arB5bXQN5K2/3oinyCRyx8T2CQ==}

  nanoid@3.3.12:
    resolution: {integrity: sha512-ZB9RH/39qpq5Vu6Y+NmUaFhQR6pp+M2Xt76XBnEwDaGcVAqhlvxrl3B2bKS5D3NH3QR76v3aSrKaF/Kiy7lEtQ==}
    engines: {node: ^10 || ^12 || ^13.7 || ^14 || >=15.0.1}
    hasBin: true

  picocolors@1.1.1:
    resolution: {integrity: sha512-xceH2snhtb5M9liqDsmEw56le376mTZkEX/jEb/RxNFyegNul7eNslCXP9FDj/Lcu0X8KEyMceP2ntpaHrDEVA==}

  postcss@8.5.15:
    resolution: {integrity: sha512-FfR8sjd4em2T6fb3I2MwAJU7HWVMr9zba+enmQeeWFfCbm+UOC/0X4DS8XtpUTMwWMGbjKYP7xjfNekzyGmB3A==}
    engines: {node: ^10 || ^12 || >=14}

  react-dom@19.2.7:
    resolution: {integrity: sha512-t0BRVXvbiE/o20Hfw669rLbMCDWtYZLvmJigy2f0MxsXF+71pxhR3xOkspmsO8h3ZlNzyibAmtCa3l4lYKk6gQ==}
    peerDependencies:
      react: ^19.2.7

  react@19.2.7:
    resolution: {integrity: sha512-HNe9WslTbXmFK8o8cmwgAeJFSBvt1bPdHCVKtaaV+WlAN36mpT4hcRpwbf3fY56ar2oIXzsBpOAiIRHAdY0OlQ==}
    engines: {node: '>=0.10.0'}

  rollup@4.62.0:
    resolution: {integrity: sha512-nc72Wgq62I7rtDV4izT5/aaS0zxy3kttkinf9586ApknY3jZO9NYsmtc24fUckA0X7Q2v+ML4a15pdUlV5V/jA==}
    engines: {node: '>=18.0.0', npm: '>=8.0.0'}
    hasBin: true

  rxjs@7.8.2:
    resolution: {integrity: sha512-dhKf903U/PQZY6boNNtAGdWbG85WAbjT/1xYoZIC7FAY0yWapOBQVsVrDl58W86//e1VpMNBtRV4MaXfdMySFA==}

  scheduler@0.27.0:
    resolution: {integrity: sha512-eNv+WrVbKu1f3vbYJT/xtiF5syA5HPIMtf9IgY/nKg0sWqzAUEvqY/xm7OcZc/qafLx/iO9FgOmeSAp4v5ti/Q==}

  source-map-js@1.2.1:
    resolution: {integrity: sha512-UXWMKhLOwVKb728IUtQPXxfYU+usdybtUrK/8uGE8CQMvrhOpwvzDBwj0QhSL7MQc7vIsISBG8VQ8+IDQxpfQA==}
    engines: {node: '>=0.10.0'}

  tslib@2.8.1:
    resolution: {integrity: sha512-oJFu94HQb+KVduSUQL7wnpmqnfmLsOA/nAh6b6EH0wCEoK0/mPeXU6c3wKDV83MkOuHPRHtSXKKU99IBazS/2w==}

  turbo@2.9.18:
    resolution: {integrity: sha512-bwabv6PupzeavybzEoArBAkwq5fnzwf8OFnRtpHwnviFWuwJPFxtyH+aVp36TmIqK3aYYgtTJ3J0m2ysxxSzQg==}
    hasBin: true

  typescript@5.9.3:
    resolution: {integrity: sha512-jl1vZzPDinLr9eUt3J/t7V6FgNEw9QjvBPdysz9KfQDD41fQrC2Y4vKQdiaUpFT4bXlb1RHhLpp8wtm6M5TgSw==}
    engines: {node: '>=14.17'}
    hasBin: true

  undici-types@6.21.0:
    resolution: {integrity: sha512-iwDZqg0QAGrg9Rav5H4n0M64c3mkR59cJ6wQp+7C4nI0gsmExaedaYLNO44eT4AtBBwjbTiGPMlt2Md0T9H9JQ==}

  vite@5.4.21:
    resolution: {integrity: sha512-o5a9xKjbtuhY6Bi5S3+HvbRERmouabWbyUcpXXUA1u+GNUKoROi9byOJ8M0nHbHYHkYICiMlqxkg1KkYmm25Sw==}
    engines: {node: ^18.0.0 || >=20.0.0}
    hasBin: true
    peerDependencies:
      '@types/node': ^18.0.0 || >=20.0.0
      less: '*'
      lightningcss: ^1.21.0
      sass: '*'
      sass-embedded: '*'
      stylus: '*'
      sugarss: '*'
      terser: ^5.4.0
    peerDependenciesMeta:
      '@types/node':
        optional: true
      less:
        optional: true
      lightningcss:
        optional: true
      sass:
        optional: true
      sass-embedded:
        optional: true
      stylus:
        optional: true
      sugarss:
        optional: true
      terser:
        optional: true

  vue@3.5.38:
    resolution: {integrity: sha512-vAMKHfImQlYSy0C+PBue4s3ERZ2xGKfgZg5GXAsLInq1dyh2H78ILVP5sK0KPFPVW4kv+OGCIvBEondcjpZp7A==}
    peerDependencies:
      typescript: '*'
    peerDependenciesMeta:
      typescript:
        optional: true

  zone.js@0.14.10:
    resolution: {integrity: sha512-YGAhaO7J5ywOXW6InXNlLmfU194F8lVgu7bRntUF3TiG8Y3nBK0x1UJJuHUP/e8IyihkjCYqhCScpSwnlaSRkQ==}

snapshots:

  '@angular/core@18.2.14(rxjs@7.8.2)(zone.js@0.14.10)':
    dependencies:
      rxjs: 7.8.2
      tslib: 2.8.1
      zone.js: 0.14.10

  '@babel/helper-string-parser@7.29.7': {}

  '@babel/helper-validator-identifier@7.29.7': {}

  '@babel/parser@7.29.7':
    dependencies:
      '@babel/types': 7.29.7

  '@babel/types@7.29.7':
    dependencies:
      '@babel/helper-string-parser': 7.29.7
      '@babel/helper-validator-identifier': 7.29.7

  '@esbuild/aix-ppc64@0.21.5':
    optional: true

  '@esbuild/android-arm64@0.21.5':
    optional: true

  '@esbuild/android-arm@0.21.5':
    optional: true

  '@esbuild/android-x64@0.21.5':
    optional: true

  '@esbuild/darwin-arm64@0.21.5':
    optional: true

  '@esbuild/darwin-x64@0.21.5':
    optional: true

  '@esbuild/freebsd-arm64@0.21.5':
    optional: true

  '@esbuild/freebsd-x64@0.21.5':
    optional: true

  '@esbuild/linux-arm64@0.21.5':
    optional: true

  '@esbuild/linux-arm@0.21.5':
    optional: true

  '@esbuild/linux-ia32@0.21.5':
    optional: true

  '@esbuild/linux-loong64@0.21.5':
    optional: true

  '@esbuild/linux-mips64el@0.21.5':
    optional: true

  '@esbuild/linux-ppc64@0.21.5':
    optional: true

  '@esbuild/linux-riscv64@0.21.5':
    optional: true

  '@esbuild/linux-s390x@0.21.5':
    optional: true

  '@esbuild/linux-x64@0.21.5':
    optional: true

  '@esbuild/netbsd-x64@0.21.5':
    optional: true

  '@esbuild/openbsd-x64@0.21.5':
    optional: true

  '@esbuild/sunos-x64@0.21.5':
    optional: true

  '@esbuild/win32-arm64@0.21.5':
    optional: true

  '@esbuild/win32-ia32@0.21.5':
    optional: true

  '@esbuild/win32-x64@0.21.5':
    optional: true

  '@jridgewell/sourcemap-codec@1.5.5': {}

  '@rollup/rollup-android-arm-eabi@4.62.0':
    optional: true

  '@rollup/rollup-android-arm64@4.62.0':
    optional: true

  '@rollup/rollup-darwin-arm64@4.62.0':
    optional: true

  '@rollup/rollup-darwin-x64@4.62.0':
    optional: true

  '@rollup/rollup-freebsd-arm64@4.62.0':
    optional: true

  '@rollup/rollup-freebsd-x64@4.62.0':
    optional: true

  '@rollup/rollup-linux-arm-gnueabihf@4.62.0':
    optional: true

  '@rollup/rollup-linux-arm-musleabihf@4.62.0':
    optional: true

  '@rollup/rollup-linux-arm64-gnu@4.62.0':
    optional: true

  '@rollup/rollup-linux-arm64-musl@4.62.0':
    optional: true

  '@rollup/rollup-linux-loong64-gnu@4.62.0':
    optional: true

  '@rollup/rollup-linux-loong64-musl@4.62.0':
    optional: true

  '@rollup/rollup-linux-ppc64-gnu@4.62.0':
    optional: true

  '@rollup/rollup-linux-ppc64-musl@4.62.0':
    optional: true

  '@rollup/rollup-linux-riscv64-gnu@4.62.0':
    optional: true

  '@rollup/rollup-linux-riscv64-musl@4.62.0':
    optional: true

  '@rollup/rollup-linux-s390x-gnu@4.62.0':
    optional: true

  '@rollup/rollup-linux-x64-gnu@4.62.0':
    optional: true

  '@rollup/rollup-linux-x64-musl@4.62.0':
    optional: true

  '@rollup/rollup-openbsd-x64@4.62.0':
    optional: true

  '@rollup/rollup-openharmony-arm64@4.62.0':
    optional: true

  '@rollup/rollup-win32-arm64-msvc@4.62.0':
    optional: true

  '@rollup/rollup-win32-ia32-msvc@4.62.0':
    optional: true

  '@rollup/rollup-win32-x64-gnu@4.62.0':
    optional: true

  '@rollup/rollup-win32-x64-msvc@4.62.0':
    optional: true

  '@turbo/darwin-64@2.9.18':
    optional: true

  '@turbo/darwin-arm64@2.9.18':
    optional: true

  '@turbo/linux-64@2.9.18':
    optional: true

  '@turbo/linux-arm64@2.9.18':
    optional: true

  '@turbo/windows-64@2.9.18':
    optional: true

  '@turbo/windows-arm64@2.9.18':
    optional: true

  '@types/estree@1.0.9': {}

  '@types/node@20.19.43':
    dependencies:
      undici-types: 6.21.0

  '@vue/compiler-core@3.5.38':
    dependencies:
      '@babel/parser': 7.29.7
      '@vue/shared': 3.5.38
      entities: 7.0.1
      estree-walker: 2.0.2
      source-map-js: 1.2.1

  '@vue/compiler-dom@3.5.38':
    dependencies:
      '@vue/compiler-core': 3.5.38
      '@vue/shared': 3.5.38

  '@vue/compiler-sfc@3.5.38':
    dependencies:
      '@babel/parser': 7.29.7
      '@vue/compiler-core': 3.5.38
      '@vue/compiler-dom': 3.5.38
      '@vue/compiler-ssr': 3.5.38
      '@vue/shared': 3.5.38
      estree-walker: 2.0.2
      magic-string: 0.30.21
      postcss: 8.5.15
      source-map-js: 1.2.1

  '@vue/compiler-ssr@3.5.38':
    dependencies:
      '@vue/compiler-dom': 3.5.38
      '@vue/shared': 3.5.38

  '@vue/reactivity@3.5.38':
    dependencies:
      '@vue/shared': 3.5.38

  '@vue/runtime-core@3.5.38':
    dependencies:
      '@vue/reactivity': 3.5.38
      '@vue/shared': 3.5.38

  '@vue/runtime-dom@3.5.38':
    dependencies:
      '@vue/reactivity': 3.5.38
      '@vue/runtime-core': 3.5.38
      '@vue/shared': 3.5.38
      csstype: 3.2.3

  '@vue/server-renderer@3.5.38(vue@3.5.38(typescript@5.9.3))':
    dependencies:
      '@vue/compiler-ssr': 3.5.38
      '@vue/shared': 3.5.38
      vue: 3.5.38(typescript@5.9.3)

  '@vue/shared@3.5.38': {}

  csstype@3.2.3: {}

  dayjs@1.11.21: {}

  entities@7.0.1: {}

  esbuild@0.21.5:
    optionalDependencies:
      '@esbuild/aix-ppc64': 0.21.5
      '@esbuild/android-arm': 0.21.5
      '@esbuild/android-arm64': 0.21.5
      '@esbuild/android-x64': 0.21.5
      '@esbuild/darwin-arm64': 0.21.5
      '@esbuild/darwin-x64': 0.21.5
      '@esbuild/freebsd-arm64': 0.21.5
      '@esbuild/freebsd-x64': 0.21.5
      '@esbuild/linux-arm': 0.21.5
      '@esbuild/linux-arm64': 0.21.5
      '@esbuild/linux-ia32': 0.21.5
      '@esbuild/linux-loong64': 0.21.5
      '@esbuild/linux-mips64el': 0.21.5
      '@esbuild/linux-ppc64': 0.21.5
      '@esbuild/linux-riscv64': 0.21.5
      '@esbuild/linux-s390x': 0.21.5
      '@esbuild/linux-x64': 0.21.5
      '@esbuild/netbsd-x64': 0.21.5
      '@esbuild/openbsd-x64': 0.21.5
      '@esbuild/sunos-x64': 0.21.5
      '@esbuild/win32-arm64': 0.21.5
      '@esbuild/win32-ia32': 0.21.5
      '@esbuild/win32-x64': 0.21.5

  estree-walker@2.0.2: {}

  fsevents@2.3.3:
    optional: true

  magic-string@0.30.21:
    dependencies:
      '@jridgewell/sourcemap-codec': 1.5.5

  nanoid@3.3.12: {}

  picocolors@1.1.1: {}

  postcss@8.5.15:
    dependencies:
      nanoid: 3.3.12
      picocolors: 1.1.1
      source-map-js: 1.2.1

  react-dom@19.2.7(react@19.2.7):
    dependencies:
      react: 19.2.7
      scheduler: 0.27.0

  react@19.2.7: {}

  rollup@4.62.0:
    dependencies:
      '@types/estree': 1.0.9
    optionalDependencies:
      '@rollup/rollup-android-arm-eabi': 4.62.0
      '@rollup/rollup-android-arm64': 4.62.0
      '@rollup/rollup-darwin-arm64': 4.62.0
      '@rollup/rollup-darwin-x64': 4.62.0
      '@rollup/rollup-freebsd-arm64': 4.62.0
      '@rollup/rollup-freebsd-x64': 4.62.0
      '@rollup/rollup-linux-arm-gnueabihf': 4.62.0
      '@rollup/rollup-linux-arm-musleabihf': 4.62.0
      '@rollup/rollup-linux-arm64-gnu': 4.62.0
      '@rollup/rollup-linux-arm64-musl': 4.62.0
      '@rollup/rollup-linux-loong64-gnu': 4.62.0
      '@rollup/rollup-linux-loong64-musl': 4.62.0
      '@rollup/rollup-linux-ppc64-gnu': 4.62.0
      '@rollup/rollup-linux-ppc64-musl': 4.62.0
      '@rollup/rollup-linux-riscv64-gnu': 4.62.0
      '@rollup/rollup-linux-riscv64-musl': 4.62.0
      '@rollup/rollup-linux-s390x-gnu': 4.62.0
      '@rollup/rollup-linux-x64-gnu': 4.62.0
      '@rollup/rollup-linux-x64-musl': 4.62.0
      '@rollup/rollup-openbsd-x64': 4.62.0
      '@rollup/rollup-openharmony-arm64': 4.62.0
      '@rollup/rollup-win32-arm64-msvc': 4.62.0
      '@rollup/rollup-win32-ia32-msvc': 4.62.0
      '@rollup/rollup-win32-x64-gnu': 4.62.0
      '@rollup/rollup-win32-x64-msvc': 4.62.0
      fsevents: 2.3.3

  rxjs@7.8.2:
    dependencies:
      tslib: 2.8.1

  scheduler@0.27.0: {}

  source-map-js@1.2.1: {}

  tslib@2.8.1: {}

  turbo@2.9.18:
    optionalDependencies:
      '@turbo/darwin-64': 2.9.18
      '@turbo/darwin-arm64': 2.9.18
      '@turbo/linux-64': 2.9.18
      '@turbo/linux-arm64': 2.9.18
      '@turbo/windows-64': 2.9.18
      '@turbo/windows-arm64': 2.9.18

  typescript@5.9.3: {}

  undici-types@6.21.0: {}

  vite@5.4.21(@types/node@20.19.43):
    dependencies:
      esbuild: 0.21.5
      postcss: 8.5.15
      rollup: 4.62.0
    optionalDependencies:
      '@types/node': 20.19.43
      fsevents: 2.3.3

  vue@3.5.38(typescript@5.9.3):
    dependencies:
      '@vue/compiler-dom': 3.5.38
      '@vue/compiler-sfc': 3.5.38
      '@vue/runtime-dom': 3.5.38
      '@vue/server-renderer': 3.5.38(vue@3.5.38(typescript@5.9.3))
      '@vue/shared': 3.5.38
    optionalDependencies:
      typescript: 5.9.3

  zone.js@0.14.10: {}
